
Microsoft Visual Studio Solution File, Format Version 12.00
# Visual Studio Version 16
VisualStudioVersion = 16.0.36128.20
MinimumVisualStudioVersion = 10.0.40219.1
Project("{FAE04EC0-301F-11D3-BF4B-00C04F79EFBC}") = "PolymorphismProgram", "PolymorphismProgram.csproj", "{E9393587-1BD4-4688-A7E9-67F990A6A28D}"
EndProject
Global
	GlobalSection(SolutionConfigurationPlatforms) = preSolution
		Debug|Any CPU = Debug|Any CPU
		Release|Any CPU = Release|Any CPU
	EndGlobalSection
	GlobalSection(ProjectConfigurationPlatforms) = postSolution
		{E9393587-1BD4-4688-A7E9-67F990A6A28D}.Debug|Any CPU.ActiveCfg = Debug|Any CPU
		{E9393587-1BD4-4688-A7E9-67F990A6A28D}.Debug|Any CPU.Build.0 = Debug|Any CPU
		{E9393587-1BD4-4688-A7E9-67F990A6A28D}.Release|Any CPU.ActiveCfg = Release|Any CPU
		{E9393587-1BD4-4688-A7E9-67F990A6A28D}.Release|Any CPU.Build.0 = Release|Any CPU
	EndGlobalSection
	GlobalSection(SolutionProperties) = preSolution
		HideSolutionNode = FALSE
	EndGlobalSection
	GlobalSection(ExtensibilityGlobals) = postSolution
		SolutionGuid = {97FF489C-11F3-473F-AF66-7A0088869717}
	EndGlobalSection
EndGlobal
