
Microsoft Visual Studio Solution File, Format Version 12.00
# Visual Studio Version 16
VisualStudioVersion = 16.0.36128.20
MinimumVisualStudioVersion = 10.0.40219.1
Project("{FAE04EC0-301F-11D3-BF4B-00C04F79EFBC}") = "InterfaceProgram", "InterfaceProgram.csproj", "{B8CE71DD-DA76-4450-91CE-B66F84106F9B}"
EndProject
Global
	GlobalSection(SolutionConfigurationPlatforms) = preSolution
		Debug|Any CPU = Debug|Any CPU
		Release|Any CPU = Release|Any CPU
	EndGlobalSection
	GlobalSection(ProjectConfigurationPlatforms) = postSolution
		{B8CE71DD-DA76-4450-91CE-B66F84106F9B}.Debug|Any CPU.ActiveCfg = Debug|Any CPU
		{B8CE71DD-DA76-4450-91CE-B66F84106F9B}.Debug|Any CPU.Build.0 = Debug|Any CPU
		{B8CE71DD-DA76-4450-91CE-B66F84106F9B}.Release|Any CPU.ActiveCfg = Release|Any CPU
		{B8CE71DD-DA76-4450-91CE-B66F84106F9B}.Release|Any CPU.Build.0 = Release|Any CPU
	EndGlobalSection
	GlobalSection(SolutionProperties) = preSolution
		HideSolutionNode = FALSE
	EndGlobalSection
	GlobalSection(ExtensibilityGlobals) = postSolution
		SolutionGuid = {A5BC3B33-5320-4E53-A683-5AA2E4FEB458}
	EndGlobalSection
EndGlobal
